
Microsoft Visual Studio Solution File, Format Version 12.00
# Visual Studio Version 17
VisualStudioVersion = 17.11.35017.193
MinimumVisualStudioVersion = 10.0.40219.1
Project("{FAE04EC0-301F-11D3-BF4B-00C04F79EFBC}") = "LeaveManagementSYstem", "LeaveManagementSYstem.csproj", "{A468157F-5187-41F6-AA88-0CAB98225886}"
EndProject
Global
	GlobalSection(SolutionConfigurationPlatforms) = preSolution
		Debug|Any CPU = Debug|Any CPU
		Release|Any CPU = Release|Any CPU
	EndGlobalSection
	GlobalSection(ProjectConfigurationPlatforms) = postSolution
		{A468157F-5187-41F6-AA88-0CAB98225886}.Debug|Any CPU.ActiveCfg = Debug|Any CPU
		{A468157F-5187-41F6-AA88-0CAB98225886}.Debug|Any CPU.Build.0 = Debug|Any CPU
		{A468157F-5187-41F6-AA88-0CAB98225886}.Release|Any CPU.ActiveCfg = Release|Any CPU
		{A468157F-5187-41F6-AA88-0CAB98225886}.Release|Any CPU.Build.0 = Release|Any CPU
	EndGlobalSection
	GlobalSection(SolutionProperties) = preSolution
		HideSolutionNode = FALSE
	EndGlobalSection
	GlobalSection(ExtensibilityGlobals) = postSolution
		SolutionGuid = {09A9A1D3-5491-4A87-BBCF-2BE5E4D2856B}
	EndGlobalSection
EndGlobal
